{
  "lockfile_version": "1",
  "packages": {
    "bat@0.25.0": {
      "last_modified": "2025-05-16T20:19:48Z",
      "resolved": "github:NixOS/nixpkgs/12a55407652e04dcf2309436eb06fef0d3713ef3#bat",
      "source": "devbox-search",
      "version": "0.25.0",
      "systems": {
        "aarch64-darwin": {
          "outputs": [
            {
              "name": "out",
              "path": "/nix/store/x46am005zdr73n188dqjvh8yak2rwnrd-bat-0.25.0",
              "default": true
            }
          ],
          "store_path": "/nix/store/x46am005zdr73n188dqjvh8yak2rwnrd-bat-0.25.0"
        },
        "aarch64-linux": {
          "outputs": [
            {
              "name": "out",
              "path": "/nix/store/zvbzq6s6k0gg5yp1lyphy7m4gqcfbd1s-bat-0.25.0",
              "default": true
            }
          ],
          "store_path": "/nix/store/zvbzq6s6k0gg5yp1lyphy7m4gqcfbd1s-bat-0.25.0"
        },
        "x86_64-darwin": {
          "outputs": [
            {
              "name": "out",
              "path": "/nix/store/rdacdh9zf9qv0fydwj15rpwl0q8zka5s-bat-0.25.0",
              "default": true
            }
          ],
          "store_path": "/nix/store/rdacdh9zf9qv0fydwj15rpwl0q8zka5s-bat-0.25.0"
        },
        "x86_64-linux": {
          "outputs": [
            {
              "name": "out",
              "path": "/nix/store/119y38i56azh5iflcwwwkws52h40y60d-bat-0.25.0",
              "default": true
            }
          ],
          "store_path": "/nix/store/119y38i56azh5iflcwwwkws52h40y60d-bat-0.25.0"
        }
      }
    },
    "github:NixOS/nixpkgs/nixpkgs-unstable": {
      "last_modified": "2025-05-22T13:30:28Z",
      "resolved": "github:NixOS/nixpkgs/e314d5c6d3b3a0f40ec5bcbc007b0cbe412f48ae?lastModified=1747920628&narHash=sha256-IlAuXnIi%2BZmyS89tt1YOFDCv7FKs9bNBHd3MXMp8PxE%3D"
    },
    "go-task@3.43.3": {
      "last_modified": "2025-05-16T20:19:48Z",
      "resolved": "github:NixOS/nixpkgs/12a55407652e04dcf2309436eb06fef0d3713ef3#go-task",
      "source": "devbox-search",
      "version": "3.43.3",
      "systems": {
        "aarch64-darwin": {
          "outputs": [
            {
              "name": "out",
              "path": "/nix/store/5h0ykqayf8kfxwqlawzxvm05hlq7n22c-go-task-3.43.3",
              "default": true
            }
          ],
          "store_path": "/nix/store/5h0ykqayf8kfxwqlawzxvm05hlq7n22c-go-task-3.43.3"
        },
        "aarch64-linux": {
          "outputs": [
            {
              "name": "out",
              "path": "/nix/store/xxl2rg7k3c95gk5s0kwj8p8055r4yldf-go-task-3.43.3",
              "default": true
            }
          ],
          "store_path": "/nix/store/xxl2rg7k3c95gk5s0kwj8p8055r4yldf-go-task-3.43.3"
        },
        "x86_64-darwin": {
          "outputs": [
            {
              "name": "out",
              "path": "/nix/store/4az7i4f6lm4ss77wnf8kklkr21hrfhns-go-task-3.43.3",
              "default": true
            }
          ],
          "store_path": "/nix/store/4az7i4f6lm4ss77wnf8kklkr21hrfhns-go-task-3.43.3"
        },
        "x86_64-linux": {
          "outputs": [
            {
              "name": "out",
              "path": "/nix/store/gjdgw1zhvl9hl7mmiw6ncpnpmpxlk2yb-go-task-3.43.3",
              "default": true
            }
          ],
          "store_path": "/nix/store/gjdgw1zhvl9hl7mmiw6ncpnpmpxlk2yb-go-task-3.43.3"
        }
      }
    },
    "go@1.24.3": {
      "last_modified": "2025-05-16T20:19:48Z",
      "resolved": "github:NixOS/nixpkgs/12a55407652e04dcf2309436eb06fef0d3713ef3#go",
      "source": "devbox-search",
      "version": "1.24.3",
      "systems": {
        "aarch64-darwin": {
          "outputs": [
            {
              "name": "out",
              "path": "/nix/store/ps3admpzmc1ryvn9q7sw5xfd94dkrb3f-go-1.24.3",
              "default": true
            }
          ],
          "store_path": "/nix/store/ps3admpzmc1ryvn9q7sw5xfd94dkrb3f-go-1.24.3"
        },
        "aarch64-linux": {
          "outputs": [
            {
              "name": "out",
              "path": "/nix/store/45bnqhyyq40p91k3cjw0farx3hn1swx6-go-1.24.3",
              "default": true
            }
          ],
          "store_path": "/nix/store/45bnqhyyq40p91k3cjw0farx3hn1swx6-go-1.24.3"
        },
        "x86_64-darwin": {
          "outputs": [
            {
              "name": "out",
              "path": "/nix/store/9z2kb6hxij7pqi0fgcn9ijhpb7ajpazs-go-1.24.3",
              "default": true
            }
          ],
          "store_path": "/nix/store/9z2kb6hxij7pqi0fgcn9ijhpb7ajpazs-go-1.24.3"
        },
        "x86_64-linux": {
          "outputs": [
            {
              "name": "out",
              "path": "/nix/store/5xvi25nqmbrg58aixp4zgczilfnp7pwg-go-1.24.3",
              "default": true
            }
          ],
          "store_path": "/nix/store/5xvi25nqmbrg58aixp4zgczilfnp7pwg-go-1.24.3"
        }
      }
    },
    "golangci-lint@2.1.6": {
      "last_modified": "2025-05-16T20:19:48Z",
      "resolved": "github:NixOS/nixpkgs/12a55407652e04dcf2309436eb06fef0d3713ef3#golangci-lint",
      "source": "devbox-search",
      "version": "2.1.6",
      "systems": {
        "aarch64-darwin": {
          "outputs": [
            {
              "name": "out",
              "path": "/nix/store/8d3n5ly5r6prqyx3h5nr2v778hzwp83r-golangci-lint-2.1.6",
              "default": true
            }
          ],
          "store_path": "/nix/store/8d3n5ly5r6prqyx3h5nr2v778hzwp83r-golangci-lint-2.1.6"
        },
        "aarch64-linux": {
          "outputs": [
            {
              "name": "out",
              "path": "/nix/store/sazvkjsaxnpnplrsaj5wf1x9xkgv0s88-golangci-lint-2.1.6",
              "default": true
            }
          ],
          "store_path": "/nix/store/sazvkjsaxnpnplrsaj5wf1x9xkgv0s88-golangci-lint-2.1.6"
        },
        "x86_64-darwin": {
          "outputs": [
            {
              "name": "out",
              "path": "/nix/store/cqfnavdyysfdm9cam8bsyscbsk8zg781-golangci-lint-2.1.6",
              "default": true
            }
          ],
          "store_path": "/nix/store/cqfnavdyysfdm9cam8bsyscbsk8zg781-golangci-lint-2.1.6"
        },
        "x86_64-linux": {
          "outputs": [
            {
              "name": "out",
              "path": "/nix/store/snqg2xccy7fb6q6n2dw3bfql6mqbh6ar-golangci-lint-2.1.6",
              "default": true
            }
          ],
          "store_path": "/nix/store/snqg2xccy7fb6q6n2dw3bfql6mqbh6ar-golangci-lint-2.1.6"
        }
      }
    },
    "kubectl@1.33.1": {
      "last_modified": "2025-05-24T21:46:02Z",
      "resolved": "github:NixOS/nixpkgs/edb3633f9100d9277d1c9af245a4e9337a980c07#kubectl",
      "source": "devbox-search",
      "version": "1.33.1",
      "systems": {
        "aarch64-darwin": {
          "outputs": [
            {
              "name": "out",
              "path": "/nix/store/vcq5gsn9rp26xbz14b5b2fd8map8qnvj-kubectl-1.33.1",
              "default": true
            },
            {
              "name": "man",
              "path": "/nix/store/20v8bx884m4i34zdkksdq5qpkm966m65-kubectl-1.33.1-man",
              "default": true
            },
            {
              "name": "convert",
              "path": "/nix/store/cjm9i86w7is18g3cpsgfc0c3jmsnp0s8-kubectl-1.33.1-convert"
            }
          ],
          "store_path": "/nix/store/vcq5gsn9rp26xbz14b5b2fd8map8qnvj-kubectl-1.33.1"
        },
        "aarch64-linux": {
          "outputs": [
            {
              "name": "out",
              "path": "/nix/store/m8406nxn25y7a80jxq6mdk70p1xl8xrc-kubectl-1.33.1",
              "default": true
            },
            {
              "name": "man",
              "path": "/nix/store/gy8hdpwiqcy35zp0a9imbv4fqqy3cwn8-kubectl-1.33.1-man",
              "default": true
            },
            {
              "name": "convert",
              "path": "/nix/store/kh7b55lvpwfrdfbq3qrzcj9qjanfqn7c-kubectl-1.33.1-convert"
            }
          ],
          "store_path": "/nix/store/m8406nxn25y7a80jxq6mdk70p1xl8xrc-kubectl-1.33.1"
        },
        "x86_64-darwin": {
          "outputs": [
            {
              "name": "out",
              "path": "/nix/store/g8r4y54jpdyrvnrbhqyg60sr1wpqx0ff-kubectl-1.33.1",
              "default": true
            },
            {
              "name": "man",
              "path": "/nix/store/0n7ik9w8sjrhanv7yb1ijhwyawx7xcz2-kubectl-1.33.1-man",
              "default": true
            },
            {
              "name": "convert",
              "path": "/nix/store/fdpw2205wf6qq7h271nzbhxdmx561vq0-kubectl-1.33.1-convert"
            }
          ],
          "store_path": "/nix/store/g8r4y54jpdyrvnrbhqyg60sr1wpqx0ff-kubectl-1.33.1"
        },
        "x86_64-linux": {
          "outputs": [
            {
              "name": "out",
              "path": "/nix/store/lrfm3r4z5iqyn5fqf085bdyp7b5ghhdr-kubectl-1.33.1",
              "default": true
            },
            {
              "name": "man",
              "path": "/nix/store/hhank6pxbzwzm6b6gphpc1rj2jjdpmmk-kubectl-1.33.1-man",
              "default": true
            },
            {
              "name": "convert",
              "path": "/nix/store/yqlm8fmchxsxzica482r16sfm8x84hck-kubectl-1.33.1-convert"
            }
          ],
          "store_path": "/nix/store/lrfm3r4z5iqyn5fqf085bdyp7b5ghhdr-kubectl-1.33.1"
        }
      }
    },
    "kubernetes-helm@3.17.3": {
      "last_modified": "2025-05-16T20:19:48Z",
      "resolved": "github:NixOS/nixpkgs/12a55407652e04dcf2309436eb06fef0d3713ef3#kubernetes-helm",
      "source": "devbox-search",
      "version": "3.17.3",
      "systems": {
        "aarch64-darwin": {
          "outputs": [
            {
              "name": "out",
              "path": "/nix/store/mg9rya9swd6lymmarlgjmx2m037ydngc-kubernetes-helm-3.17.3",
              "default": true
            }
          ],
          "store_path": "/nix/store/mg9rya9swd6lymmarlgjmx2m037ydngc-kubernetes-helm-3.17.3"
        },
        "aarch64-linux": {
          "outputs": [
            {
              "name": "out",
              "path": "/nix/store/kd9x5i47ydamzw514a6lc6r1i0ybiygn-kubernetes-helm-3.17.3",
              "default": true
            }
          ],
          "store_path": "/nix/store/kd9x5i47ydamzw514a6lc6r1i0ybiygn-kubernetes-helm-3.17.3"
        },
        "x86_64-darwin": {
          "outputs": [
            {
              "name": "out",
              "path": "/nix/store/kiy0fscxlhdyy1v7rj290g0vbwa62m3i-kubernetes-helm-3.17.3",
              "default": true
            }
          ],
          "store_path": "/nix/store/kiy0fscxlhdyy1v7rj290g0vbwa62m3i-kubernetes-helm-3.17.3"
        },
        "x86_64-linux": {
          "outputs": [
            {
              "name": "out",
              "path": "/nix/store/z8fh9w8y3hlckw7zqi29hgfz0x5gyi0s-kubernetes-helm-3.17.3",
              "default": true
            }
          ],
          "store_path": "/nix/store/z8fh9w8y3hlckw7zqi29hgfz0x5gyi0s-kubernetes-helm-3.17.3"
        }
      }
    },
    "mdcat@2.7.1": {
      "last_modified": "2025-05-16T20:19:48Z",
      "resolved": "github:NixOS/nixpkgs/12a55407652e04dcf2309436eb06fef0d3713ef3#mdcat",
      "source": "devbox-search",
      "version": "2.7.1",
      "systems": {
        "aarch64-darwin": {
          "outputs": [
            {
              "name": "out",
              "path": "/nix/store/61b74w3klrhj4vr7mgaphbsw4x5vkikb-mdcat-2.7.1",
              "default": true
            }
          ],
          "store_path": "/nix/store/61b74w3klrhj4vr7mgaphbsw4x5vkikb-mdcat-2.7.1"
        },
        "aarch64-linux": {
          "outputs": [
            {
              "name": "out",
              "path": "/nix/store/gr6kgayfff242w1gvxackkwxzhckx5wd-mdcat-2.7.1",
              "default": true
            }
          ],
          "store_path": "/nix/store/gr6kgayfff242w1gvxackkwxzhckx5wd-mdcat-2.7.1"
        },
        "x86_64-darwin": {
          "outputs": [
            {
              "name": "out",
              "path": "/nix/store/icw41kapk2xxz8iidwly8bp8qn7vk7c4-mdcat-2.7.1",
              "default": true
            }
          ],
          "store_path": "/nix/store/icw41kapk2xxz8iidwly8bp8qn7vk7c4-mdcat-2.7.1"
        },
        "x86_64-linux": {
          "outputs": [
            {
              "name": "out",
              "path": "/nix/store/djy3ccydrb2ylbsza40a0k50x7x4daik-mdcat-2.7.1",
              "default": true
            }
          ],
          "store_path": "/nix/store/djy3ccydrb2ylbsza40a0k50x7x4daik-mdcat-2.7.1"
        }
      }
    }
  }
}
